
Microsoft Visual Studio Solution File, Format Version 12.00
# Visual Studio 14
VisualStudioVersion = 14.0.25420.1
MinimumVisualStudioVersion = 10.0.40219.1
Project("{FAE04EC0-301F-11D3-BF4B-00C04F79EFBC}") = "TTDB", "TTDB\TTDB.csproj", "{71CBFA78-A124-4090-958C-CB94F4144F77}"
EndProject
Project("{FAE04EC0-301F-11D3-BF4B-00C04F79EFBC}") = "TT", "TT\TT.csproj", "{B8020C40-23EA-4430-AEA3-795B15C03B93}"
EndProject
Project("{FAE04EC0-301F-11D3-BF4B-00C04F79EFBC}") = "TTadmin", "TTadmin\TTadmin.csproj", "{4C8023BD-BA06-4C62-8D11-4820ABAF1EF7}"
EndProject
Project("{FAE04EC0-301F-11D3-BF4B-00C04F79EFBC}") = "TTclient", "TTclient\TTclient.csproj", "{5C7A7968-5E55-48CE-B2A4-87E89B6266FA}"
EndProject
Project("{FAE04EC0-301F-11D3-BF4B-00C04F79EFBC}") = "TTrest", "TTrest\TTrest.csproj", "{7CFCB4B5-E4FA-43A6-A84A-CE46DEE8E7DC}"
EndProject
Project("{FAE04EC0-301F-11D3-BF4B-00C04F79EFBC}") = "TTdnm", "TTdnm\TTdnm.csproj", "{CB3A7CC7-2DCB-49AB-A40A-AA0B2433DE27}"
EndProject
Project("{FAE04EC0-301F-11D3-BF4B-00C04F79EFBC}") = "TTClient2", "TTClient2\TTClient2.csproj", "{6DD7CC6C-B209-49CA-A919-33C4DF4D4DB1}"
EndProject
Project("{FAE04EC0-301F-11D3-BF4B-00C04F79EFBC}") = "ttAdmin2", "ttAdmin2\ttAdmin2.csproj", "{2928D8D1-4E34-4D77-9045-BD5F44294888}"
EndProject
Global
	GlobalSection(SolutionConfigurationPlatforms) = preSolution
		Debug|x64 = Debug|x64
		Release|x64 = Release|x64
	EndGlobalSection
	GlobalSection(ProjectConfigurationPlatforms) = postSolution
		{71CBFA78-A124-4090-958C-CB94F4144F77}.Debug|x64.ActiveCfg = Debug|x64
		{71CBFA78-A124-4090-958C-CB94F4144F77}.Debug|x64.Build.0 = Debug|x64
		{71CBFA78-A124-4090-958C-CB94F4144F77}.Release|x64.ActiveCfg = Release|x64
		{71CBFA78-A124-4090-958C-CB94F4144F77}.Release|x64.Build.0 = Release|x64
		{B8020C40-23EA-4430-AEA3-795B15C03B93}.Debug|x64.ActiveCfg = Debug|x64
		{B8020C40-23EA-4430-AEA3-795B15C03B93}.Debug|x64.Build.0 = Debug|x64
		{B8020C40-23EA-4430-AEA3-795B15C03B93}.Release|x64.ActiveCfg = Release|x64
		{B8020C40-23EA-4430-AEA3-795B15C03B93}.Release|x64.Build.0 = Release|x64
		{4C8023BD-BA06-4C62-8D11-4820ABAF1EF7}.Debug|x64.ActiveCfg = Debug|x64
		{4C8023BD-BA06-4C62-8D11-4820ABAF1EF7}.Debug|x64.Build.0 = Debug|x64
		{4C8023BD-BA06-4C62-8D11-4820ABAF1EF7}.Release|x64.ActiveCfg = Release|x64
		{4C8023BD-BA06-4C62-8D11-4820ABAF1EF7}.Release|x64.Build.0 = Release|x64
		{5C7A7968-5E55-48CE-B2A4-87E89B6266FA}.Debug|x64.ActiveCfg = Debug|x64
		{5C7A7968-5E55-48CE-B2A4-87E89B6266FA}.Debug|x64.Build.0 = Debug|x64
		{5C7A7968-5E55-48CE-B2A4-87E89B6266FA}.Release|x64.ActiveCfg = Release|x64
		{5C7A7968-5E55-48CE-B2A4-87E89B6266FA}.Release|x64.Build.0 = Release|x64
		{7CFCB4B5-E4FA-43A6-A84A-CE46DEE8E7DC}.Debug|x64.ActiveCfg = Debug|x64
		{7CFCB4B5-E4FA-43A6-A84A-CE46DEE8E7DC}.Debug|x64.Build.0 = Debug|x64
		{7CFCB4B5-E4FA-43A6-A84A-CE46DEE8E7DC}.Release|x64.ActiveCfg = Release|x64
		{7CFCB4B5-E4FA-43A6-A84A-CE46DEE8E7DC}.Release|x64.Build.0 = Release|x64
		{CB3A7CC7-2DCB-49AB-A40A-AA0B2433DE27}.Debug|x64.ActiveCfg = Debug|x64
		{CB3A7CC7-2DCB-49AB-A40A-AA0B2433DE27}.Debug|x64.Build.0 = Debug|x64
		{CB3A7CC7-2DCB-49AB-A40A-AA0B2433DE27}.Release|x64.ActiveCfg = Release|x64
		{CB3A7CC7-2DCB-49AB-A40A-AA0B2433DE27}.Release|x64.Build.0 = Release|x64
		{6DD7CC6C-B209-49CA-A919-33C4DF4D4DB1}.Debug|x64.ActiveCfg = Debug|x64
		{6DD7CC6C-B209-49CA-A919-33C4DF4D4DB1}.Debug|x64.Build.0 = Debug|x64
		{6DD7CC6C-B209-49CA-A919-33C4DF4D4DB1}.Release|x64.ActiveCfg = Release|x64
		{6DD7CC6C-B209-49CA-A919-33C4DF4D4DB1}.Release|x64.Build.0 = Release|x64
		{2928D8D1-4E34-4D77-9045-BD5F44294888}.Debug|x64.ActiveCfg = Debug|x64
		{2928D8D1-4E34-4D77-9045-BD5F44294888}.Debug|x64.Build.0 = Debug|x64
		{2928D8D1-4E34-4D77-9045-BD5F44294888}.Release|x64.ActiveCfg = Release|x64
		{2928D8D1-4E34-4D77-9045-BD5F44294888}.Release|x64.Build.0 = Release|x64
	EndGlobalSection
	GlobalSection(SolutionProperties) = preSolution
		HideSolutionNode = FALSE
	EndGlobalSection
EndGlobal
